<Solution>
  <Project Path="Bibliotekssystem_Arv_Komp.Test/Bibliotekssystem_Arv_Komp.Test.csproj" Id="17ab7e63-0404-4bdf-8c2f-7305c0d7a88c" />
  <Project Path="Bibliotekssystem_Arv_Komp/Bibliotekssystem_Arv_Komp.csproj" />
  <Project Path="Bibliotekssystem_Arv_Komp.Data/Bibliotekssystem_Arv_Komp.Data.csproj" />
</Solution>
